
Microsoft Visual Studio Solution File, Format Version 12.00
# Visual Studio Version 16
VisualStudioVersion = 16.0.31005.135
MinimumVisualStudioVersion = 10.0.40219.1
Project("{8BC9CEB8-8B4A-11D0-8D11-00A0C91BC942}") = "SE7C", "SE7C\SE7C.vcxproj", "{AEA73BCC-FD74-4A12-BB2B-F8C585021B20}"
EndProject
Project("{8BC9CEB8-8B4A-11D0-8D11-00A0C91BC942}") = "SE7", "SE7\SE7.vcxproj", "{B67D1AC5-564E-43CA-A90F-38176D4498E5}"
EndProject
Project("{8BC9CEB8-8B4A-11D0-8D11-00A0C91BC942}") = "SE7VM", "SE7VM\SE7VM.vcxitems", "{E449E6B9-E1DA-41B6-898D-245DBF3230E4}"
EndProject
Global
	GlobalSection(SharedMSBuildProjectFiles) = preSolution
		SE7VM\SE7VM.vcxitems*{aea73bcc-fd74-4a12-bb2b-f8c585021b20}*SharedItemsImports = 4
		SE7VM\SE7VM.vcxitems*{b67d1ac5-564e-43ca-a90f-38176d4498e5}*SharedItemsImports = 4
		SE7VM\SE7VM.vcxitems*{e449e6b9-e1da-41b6-898d-245dbf3230e4}*SharedItemsImports = 9
	EndGlobalSection
	GlobalSection(SolutionConfigurationPlatforms) = preSolution
		Debug|x64 = Debug|x64
		Debug|x86 = Debug|x86
		Release|x64 = Release|x64
		Release|x86 = Release|x86
	EndGlobalSection
	GlobalSection(ProjectConfigurationPlatforms) = postSolution
		{AEA73BCC-FD74-4A12-BB2B-F8C585021B20}.Debug|x64.ActiveCfg = Debug|x64
		{AEA73BCC-FD74-4A12-BB2B-F8C585021B20}.Debug|x64.Build.0 = Debug|x64
		{AEA73BCC-FD74-4A12-BB2B-F8C585021B20}.Debug|x86.ActiveCfg = Debug|Win32
		{AEA73BCC-FD74-4A12-BB2B-F8C585021B20}.Debug|x86.Build.0 = Debug|Win32
		{AEA73BCC-FD74-4A12-BB2B-F8C585021B20}.Release|x64.ActiveCfg = Release|x64
		{AEA73BCC-FD74-4A12-BB2B-F8C585021B20}.Release|x64.Build.0 = Release|x64
		{AEA73BCC-FD74-4A12-BB2B-F8C585021B20}.Release|x86.ActiveCfg = Release|Win32
		{AEA73BCC-FD74-4A12-BB2B-F8C585021B20}.Release|x86.Build.0 = Release|Win32
		{B67D1AC5-564E-43CA-A90F-38176D4498E5}.Debug|x64.ActiveCfg = Debug|x64
		{B67D1AC5-564E-43CA-A90F-38176D4498E5}.Debug|x64.Build.0 = Debug|x64
		{B67D1AC5-564E-43CA-A90F-38176D4498E5}.Debug|x86.ActiveCfg = Debug|Win32
		{B67D1AC5-564E-43CA-A90F-38176D4498E5}.Debug|x86.Build.0 = Debug|Win32
		{B67D1AC5-564E-43CA-A90F-38176D4498E5}.Release|x64.ActiveCfg = Release|x64
		{B67D1AC5-564E-43CA-A90F-38176D4498E5}.Release|x64.Build.0 = Release|x64
		{B67D1AC5-564E-43CA-A90F-38176D4498E5}.Release|x86.ActiveCfg = Release|Win32
		{B67D1AC5-564E-43CA-A90F-38176D4498E5}.Release|x86.Build.0 = Release|Win32
	EndGlobalSection
	GlobalSection(SolutionProperties) = preSolution
		HideSolutionNode = FALSE
	EndGlobalSection
	GlobalSection(ExtensibilityGlobals) = postSolution
		SolutionGuid = {543E5F7C-C644-40D0-BC3A-2194D38CB527}
	EndGlobalSection
EndGlobal
